
Microsoft Visual Studio Solution File, Format Version 12.00
# Visual Studio 15
VisualStudioVersion = 15.0.26730.16
MinimumVisualStudioVersion = 10.0.40219.1
Project("{FAE04EC0-301F-11D3-BF4B-00C04F79EFBC}") = "HelloWorldTypeScript", "HelloWorldTypeScript\HelloWorldTypeScript.csproj", "{3435F70F-ADD9-4773-8C21-DA4F51A74905}"
EndProject
Global
	GlobalSection(SolutionConfigurationPlatforms) = preSolution
		Debug|Any CPU = Debug|Any CPU
		Release|Any CPU = Release|Any CPU
	EndGlobalSection
	GlobalSection(ProjectConfigurationPlatforms) = postSolution
		{3435F70F-ADD9-4773-8C21-DA4F51A74905}.Debug|Any CPU.ActiveCfg = Debug|Any CPU
		{3435F70F-ADD9-4773-8C21-DA4F51A74905}.Debug|Any CPU.Build.0 = Debug|Any CPU
		{3435F70F-ADD9-4773-8C21-DA4F51A74905}.Release|Any CPU.ActiveCfg = Release|Any CPU
		{3435F70F-ADD9-4773-8C21-DA4F51A74905}.Release|Any CPU.Build.0 = Release|Any CPU
	EndGlobalSection
	GlobalSection(SolutionProperties) = preSolution
		HideSolutionNode = FALSE
	EndGlobalSection
	GlobalSection(ExtensibilityGlobals) = postSolution
		SolutionGuid = {8924E195-E27D-4EEE-B2AC-FE4B281EEBB6}
	EndGlobalSection
EndGlobal
